// !$*UTF8*$!
{
	archiveVersion = 1;
	classes = {
	};
	objectVersion = 52;
	objects = {

/* Begin PBXAggregateTarget section */
		"Sheeeeeeeeet::SheeeeeeeeetPackageTests::ProductTarget" /* SheeeeeeeeetPackageTests */ = {
			isa = PBXAggregateTarget;
			buildConfigurationList = OBJ_529 /* Build configuration list for PBXAggregateTarget "SheeeeeeeeetPackageTests" */;
			buildPhases = (
			);
			dependencies = (
			);
			name = SheeeeeeeeetPackageTests;
			productName = SheeeeeeeeetPackageTests;
		};
/* End PBXAggregateTarget section */

/* Begin PBXBuildFile section */
		8405567023527E280064EC7D /* ActionSheetItemCells.swift in Sources */ = {isa = PBXBuildFile; fileRef = 8405566E23527E1E0064EC7D /* ActionSheetItemCells.swift */; };
		8422CB60239DAF5600251D31 /* ActionSheetPopoverPresenter+PresentationDelegate.swift in Sources */ = {isa = PBXBuildFile; fileRef = 8422CB5F239DAF5600251D31 /* ActionSheetPopoverPresenter+PresentationDelegate.swift */; };
		8422CB72239DC85300251D31 /* ContextMenu.swift in Sources */ = {isa = PBXBuildFile; fileRef = 8422CB6D239DC6DA00251D31 /* ContextMenu.swift */; };
		8422CB73239DC85900251D31 /* ContextMenu+Configuration.swift in Sources */ = {isa = PBXBuildFile; fileRef = 8422CB6B239DC6B100251D31 /* ContextMenu+Configuration.swift */; };
		8422CB76239DCBFD00251D31 /* Menu+Deprecations.swift in Sources */ = {isa = PBXBuildFile; fileRef = 8422CB74239DCBEB00251D31 /* Menu+Deprecations.swift */; };
		8422CB7A239E1FB600251D31 /* DestructiveItem.swift in Sources */ = {isa = PBXBuildFile; fileRef = 8422CB78239E1E6800251D31 /* DestructiveItem.swift */; };
		8422CB7D239E20E100251D31 /* DestructiveItem+ActionSheet.swift in Sources */ = {isa = PBXBuildFile; fileRef = 8422CB7B239E209C00251D31 /* DestructiveItem+ActionSheet.swift */; };
		847E09ED239DA5E70058179D /* ActionSheetPresenterBase.swift in Sources */ = {isa = PBXBuildFile; fileRef = 847E09EC239DA5E70058179D /* ActionSheetPresenterBase.swift */; };
		84A24ECB236C64F200DB060C /* SecondaryActionItem.swift in Sources */ = {isa = PBXBuildFile; fileRef = 84A24ECA236C64F200DB060C /* SecondaryActionItem.swift */; };
		84A24ED0236C6C5B00DB060C /* SecondaryActionItem+ActionSheet.swift in Sources */ = {isa = PBXBuildFile; fileRef = 84A24ECF236C6C5B00DB060C /* SecondaryActionItem+ActionSheet.swift */; };
		84A24ED2236C6CA200DB060C /* ActionSheetSecondaryActionItemCell.swift in Sources */ = {isa = PBXBuildFile; fileRef = 84A24ED1236C6CA200DB060C /* ActionSheetSecondaryActionItemCell.swift */; };
		84A24EDD236C84D900DB060C /* MenuCreator.swift in Sources */ = {isa = PBXBuildFile; fileRef = 84A24EDC236C84D900DB060C /* MenuCreator.swift */; };
		84F64BA1239D8FEF000290D1 /* ActionSheet+Header.swift in Sources */ = {isa = PBXBuildFile; fileRef = 84F64BA0239D8FEF000290D1 /* ActionSheet+Header.swift */; };
		84F64BA3239D9630000290D1 /* ActionSheet+Configuration.swift in Sources */ = {isa = PBXBuildFile; fileRef = 84F64BA2239D9630000290D1 /* ActionSheet+Configuration.swift */; };
		84F64BA8239D9CD7000290D1 /* ActionSheet+Deprecations.swift in Sources */ = {isa = PBXBuildFile; fileRef = 84F64BA6239D9CB5000290D1 /* ActionSheet+Deprecations.swift */; };
		OBJ_442 /* ActionSheet+Presenter.swift in Sources */ = {isa = PBXBuildFile; fileRef = OBJ_10 /* ActionSheet+Presenter.swift */; };
		OBJ_443 /* ActionSheet+Scroll.swift in Sources */ = {isa = PBXBuildFile; fileRef = OBJ_11 /* ActionSheet+Scroll.swift */; };
		OBJ_444 /* ActionSheet.swift in Sources */ = {isa = PBXBuildFile; fileRef = OBJ_12 /* ActionSheet.swift */; };
		OBJ_445 /* ActionSheetItemHandler.swift in Sources */ = {isa = PBXBuildFile; fileRef = OBJ_13 /* ActionSheetItemHandler.swift */; };
		OBJ_446 /* ActionSheetMargin.swift in Sources */ = {isa = PBXBuildFile; fileRef = OBJ_14 /* ActionSheetMargin.swift */; };
		OBJ_447 /* ActionSheet+Appearance.swift in Sources */ = {isa = PBXBuildFile; fileRef = OBJ_16 /* ActionSheet+Appearance.swift */; };
		OBJ_448 /* ActionSheetAppearance.swift in Sources */ = {isa = PBXBuildFile; fileRef = OBJ_17 /* ActionSheetAppearance.swift */; };
		OBJ_449 /* ActionSheetColor.swift in Sources */ = {isa = PBXBuildFile; fileRef = OBJ_18 /* ActionSheetColor.swift */; };
		OBJ_450 /* UIColor+ActionSheetColor.swift in Sources */ = {isa = PBXBuildFile; fileRef = OBJ_19 /* UIColor+ActionSheetColor.swift */; };
		OBJ_451 /* UIEdgeInsets+Hidden.swift in Sources */ = {isa = PBXBuildFile; fileRef = OBJ_21 /* UIEdgeInsets+Hidden.swift */; };
		OBJ_452 /* UIView+Subviews.swift in Sources */ = {isa = PBXBuildFile; fileRef = OBJ_22 /* UIView+Subviews.swift */; };
		OBJ_453 /* UIViewController+RootViewController.swift in Sources */ = {isa = PBXBuildFile; fileRef = OBJ_23 /* UIViewController+RootViewController.swift */; };
		OBJ_454 /* CancelButton+ActionSheet.swift in Sources */ = {isa = PBXBuildFile; fileRef = OBJ_26 /* CancelButton+ActionSheet.swift */; };
		OBJ_455 /* DestructiveButton+ActionSheet.swift in Sources */ = {isa = PBXBuildFile; fileRef = OBJ_27 /* DestructiveButton+ActionSheet.swift */; };
		OBJ_456 /* MenuButton+ActionSheet.swift in Sources */ = {isa = PBXBuildFile; fileRef = OBJ_28 /* MenuButton+ActionSheet.swift */; };
		OBJ_457 /* OkButton+ActionSheet.swift in Sources */ = {isa = PBXBuildFile; fileRef = OBJ_29 /* OkButton+ActionSheet.swift */; };
		OBJ_458 /* CollectionItem+ActionSheet.swift in Sources */ = {isa = PBXBuildFile; fileRef = OBJ_31 /* CollectionItem+ActionSheet.swift */; };
		OBJ_459 /* CustomItem+ActionSheet.swift in Sources */ = {isa = PBXBuildFile; fileRef = OBJ_32 /* CustomItem+ActionSheet.swift */; };
		OBJ_460 /* LinkItem+ActionSheet.swift in Sources */ = {isa = PBXBuildFile; fileRef = OBJ_33 /* LinkItem+ActionSheet.swift */; };
		OBJ_461 /* MultiSelectItem+ActionSheet.swift in Sources */ = {isa = PBXBuildFile; fileRef = OBJ_34 /* MultiSelectItem+ActionSheet.swift */; };
		OBJ_462 /* MultiSelectToggleItem+ActionSheet.swift in Sources */ = {isa = PBXBuildFile; fileRef = OBJ_35 /* MultiSelectToggleItem+ActionSheet.swift */; };
		OBJ_463 /* SelectItem+ActionSheet.swift in Sources */ = {isa = PBXBuildFile; fileRef = OBJ_36 /* SelectItem+ActionSheet.swift */; };
		OBJ_464 /* SingleSelectItem+ActionSheet.swift in Sources */ = {isa = PBXBuildFile; fileRef = OBJ_37 /* SingleSelectItem+ActionSheet.swift */; };
		OBJ_465 /* Menu+ActionSheet.swift in Sources */ = {isa = PBXBuildFile; fileRef = OBJ_38 /* Menu+ActionSheet.swift */; };
		OBJ_466 /* MenuItem+ActionSheet.swift in Sources */ = {isa = PBXBuildFile; fileRef = OBJ_39 /* MenuItem+ActionSheet.swift */; };
		OBJ_467 /* MenuTitle+ActionSheet.swift in Sources */ = {isa = PBXBuildFile; fileRef = OBJ_41 /* MenuTitle+ActionSheet.swift */; };
		OBJ_468 /* SectionMargin+ActionSheet.swift in Sources */ = {isa = PBXBuildFile; fileRef = OBJ_42 /* SectionMargin+ActionSheet.swift */; };
		OBJ_469 /* SectionTitle+ActionSheet.swift in Sources */ = {isa = PBXBuildFile; fileRef = OBJ_43 /* SectionTitle+ActionSheet.swift */; };
		OBJ_470 /* ActionSheetPopoverPresenter.swift in Sources */ = {isa = PBXBuildFile; fileRef = OBJ_45 /* ActionSheetPopoverPresenter.swift */; };
		OBJ_471 /* ActionSheetPresenter.swift in Sources */ = {isa = PBXBuildFile; fileRef = OBJ_46 /* ActionSheetPresenter.swift */; };
		OBJ_472 /* ActionSheetStandardPresenter.swift in Sources */ = {isa = PBXBuildFile; fileRef = OBJ_47 /* ActionSheetStandardPresenter.swift */; };
		OBJ_473 /* ActionSheetBackgroundView.swift in Sources */ = {isa = PBXBuildFile; fileRef = OBJ_49 /* ActionSheetBackgroundView.swift */; };
		OBJ_474 /* ActionSheetButtonTableView.swift in Sources */ = {isa = PBXBuildFile; fileRef = OBJ_50 /* ActionSheetButtonTableView.swift */; };
		OBJ_475 /* ActionSheetHeaderContainerView.swift in Sources */ = {isa = PBXBuildFile; fileRef = OBJ_51 /* ActionSheetHeaderContainerView.swift */; };
		OBJ_476 /* ActionSheetItemTableView.swift in Sources */ = {isa = PBXBuildFile; fileRef = OBJ_52 /* ActionSheetItemTableView.swift */; };
		OBJ_477 /* ActionSheetStackView.swift in Sources */ = {isa = PBXBuildFile; fileRef = OBJ_53 /* ActionSheetStackView.swift */; };
		OBJ_478 /* ActionSheetTableView.swift in Sources */ = {isa = PBXBuildFile; fileRef = OBJ_54 /* ActionSheetTableView.swift */; };
		OBJ_480 /* ActionSheetItemCell.swift in Sources */ = {isa = PBXBuildFile; fileRef = OBJ_57 /* ActionSheetItemCell.swift */; };
		OBJ_484 /* ActionSheetCollectionItemCell.swift in Sources */ = {isa = PBXBuildFile; fileRef = OBJ_63 /* ActionSheetCollectionItemCell.swift */; };
		OBJ_485 /* ActionSheetCollectionItemCellHandler.swift in Sources */ = {isa = PBXBuildFile; fileRef = OBJ_64 /* ActionSheetCollectionItemCellHandler.swift */; };
		OBJ_486 /* ActionSheetLinkItemCell.swift in Sources */ = {isa = PBXBuildFile; fileRef = OBJ_65 /* ActionSheetLinkItemCell.swift */; };
		OBJ_488 /* ActionSheetMultiSelectToggleItemCell.swift in Sources */ = {isa = PBXBuildFile; fileRef = OBJ_67 /* ActionSheetMultiSelectToggleItemCell.swift */; };
		OBJ_489 /* ActionSheetSelectItemCell.swift in Sources */ = {isa = PBXBuildFile; fileRef = OBJ_68 /* ActionSheetSelectItemCell.swift */; };
		OBJ_494 /* AlertControllerConversionError.swift in Sources */ = {isa = PBXBuildFile; fileRef = OBJ_75 /* AlertControllerConversionError.swift */; };
		OBJ_495 /* Menu+AlertController.swift in Sources */ = {isa = PBXBuildFile; fileRef = OBJ_76 /* Menu+AlertController.swift */; };
		OBJ_496 /* MenuItem+AlertController.swift in Sources */ = {isa = PBXBuildFile; fileRef = OBJ_77 /* MenuItem+AlertController.swift */; };
		OBJ_497 /* UIViewController+AlertController.swift in Sources */ = {isa = PBXBuildFile; fileRef = OBJ_78 /* UIViewController+AlertController.swift */; };
		OBJ_498 /* ContextMenuConversionError.swift in Sources */ = {isa = PBXBuildFile; fileRef = OBJ_80 /* ContextMenuConversionError.swift */; };
		OBJ_499 /* ContextMenuDelegate.swift in Sources */ = {isa = PBXBuildFile; fileRef = OBJ_81 /* ContextMenuDelegate.swift */; };
		OBJ_500 /* ContextMenuDelegateRetainer.swift in Sources */ = {isa = PBXBuildFile; fileRef = OBJ_82 /* ContextMenuDelegateRetainer.swift */; };
		OBJ_501 /* MenuCreator+ContextMenu.swift in Sources */ = {isa = PBXBuildFile; fileRef = OBJ_83 /* MenuCreator+ContextMenu.swift */; };
		OBJ_502 /* MenuItem+ContextMenu.swift in Sources */ = {isa = PBXBuildFile; fileRef = OBJ_84 /* MenuItem+ContextMenu.swift */; };
		OBJ_503 /* NSObject+ClassName.swift in Sources */ = {isa = PBXBuildFile; fileRef = OBJ_86 /* NSObject+ClassName.swift */; };
		OBJ_504 /* CancelButton.swift in Sources */ = {isa = PBXBuildFile; fileRef = OBJ_89 /* CancelButton.swift */; };
		OBJ_505 /* DestructiveButton.swift in Sources */ = {isa = PBXBuildFile; fileRef = OBJ_90 /* DestructiveButton.swift */; };
		OBJ_506 /* MenuButton.swift in Sources */ = {isa = PBXBuildFile; fileRef = OBJ_91 /* MenuButton.swift */; };
		OBJ_507 /* OkButton.swift in Sources */ = {isa = PBXBuildFile; fileRef = OBJ_92 /* OkButton.swift */; };
		OBJ_508 /* CollectionItem.swift in Sources */ = {isa = PBXBuildFile; fileRef = OBJ_94 /* CollectionItem.swift */; };
		OBJ_509 /* CustomItem.swift in Sources */ = {isa = PBXBuildFile; fileRef = OBJ_95 /* CustomItem.swift */; };
		OBJ_510 /* LinkItem.swift in Sources */ = {isa = PBXBuildFile; fileRef = OBJ_96 /* LinkItem.swift */; };
		OBJ_511 /* MultiSelectItem.swift in Sources */ = {isa = PBXBuildFile; fileRef = OBJ_97 /* MultiSelectItem.swift */; };
		OBJ_512 /* MultiSelectToggleItem.swift in Sources */ = {isa = PBXBuildFile; fileRef = OBJ_98 /* MultiSelectToggleItem.swift */; };
		OBJ_513 /* SelectItem.swift in Sources */ = {isa = PBXBuildFile; fileRef = OBJ_99 /* SelectItem.swift */; };
		OBJ_514 /* SingleSelectItem.swift in Sources */ = {isa = PBXBuildFile; fileRef = OBJ_100 /* SingleSelectItem.swift */; };
		OBJ_515 /* Menu.swift in Sources */ = {isa = PBXBuildFile; fileRef = OBJ_101 /* Menu.swift */; };
		OBJ_517 /* MenuItem.swift in Sources */ = {isa = PBXBuildFile; fileRef = OBJ_103 /* MenuItem.swift */; };
		OBJ_518 /* MenuTitle.swift in Sources */ = {isa = PBXBuildFile; fileRef = OBJ_105 /* MenuTitle.swift */; };
		OBJ_519 /* SectionMagin.swift in Sources */ = {isa = PBXBuildFile; fileRef = OBJ_106 /* SectionMagin.swift */; };
		OBJ_520 /* SectionTitle.swift in Sources */ = {isa = PBXBuildFile; fileRef = OBJ_107 /* SectionTitle.swift */; };
		OBJ_527 /* Package.swift in Sources */ = {isa = PBXBuildFile; fileRef = OBJ_6 /* Package.swift */; };
/* End PBXBuildFile section */

/* Begin PBXFileReference section */
		8405566E23527E1E0064EC7D /* ActionSheetItemCells.swift */ = {isa = PBXFileReference; lastKnownFileType = sourcecode.swift; path = ActionSheetItemCells.swift; sourceTree = "<group>"; };
		8422CB5F239DAF5600251D31 /* ActionSheetPopoverPresenter+PresentationDelegate.swift */ = {isa = PBXFileReference; lastKnownFileType = sourcecode.swift; path = "ActionSheetPopoverPresenter+PresentationDelegate.swift"; sourceTree = "<group>"; };
		8422CB6B239DC6B100251D31 /* ContextMenu+Configuration.swift */ = {isa = PBXFileReference; lastKnownFileType = sourcecode.swift; path = "ContextMenu+Configuration.swift"; sourceTree = "<group>"; };
		8422CB6D239DC6DA00251D31 /* ContextMenu.swift */ = {isa = PBXFileReference; lastKnownFileType = sourcecode.swift; path = ContextMenu.swift; sourceTree = "<group>"; };
		8422CB74239DCBEB00251D31 /* Menu+Deprecations.swift */ = {isa = PBXFileReference; lastKnownFileType = sourcecode.swift; path = "Menu+Deprecations.swift"; sourceTree = "<group>"; };
		8422CB78239E1E6800251D31 /* DestructiveItem.swift */ = {isa = PBXFileReference; lastKnownFileType = sourcecode.swift; path = DestructiveItem.swift; sourceTree = "<group>"; };
		8422CB7B239E209C00251D31 /* DestructiveItem+ActionSheet.swift */ = {isa = PBXFileReference; lastKnownFileType = sourcecode.swift; path = "DestructiveItem+ActionSheet.swift"; sourceTree = "<group>"; };
		847E09EC239DA5E70058179D /* ActionSheetPresenterBase.swift */ = {isa = PBXFileReference; lastKnownFileType = sourcecode.swift; path = ActionSheetPresenterBase.swift; sourceTree = "<group>"; };
		84A24ECA236C64F200DB060C /* SecondaryActionItem.swift */ = {isa = PBXFileReference; lastKnownFileType = sourcecode.swift; path = SecondaryActionItem.swift; sourceTree = "<group>"; };
		84A24ECF236C6C5B00DB060C /* SecondaryActionItem+ActionSheet.swift */ = {isa = PBXFileReference; lastKnownFileType = sourcecode.swift; path = "SecondaryActionItem+ActionSheet.swift"; sourceTree = "<group>"; };
		84A24ED1236C6CA200DB060C /* ActionSheetSecondaryActionItemCell.swift */ = {isa = PBXFileReference; lastKnownFileType = sourcecode.swift; path = ActionSheetSecondaryActionItemCell.swift; sourceTree = "<group>"; };
		84A24EDC236C84D900DB060C /* MenuCreator.swift */ = {isa = PBXFileReference; lastKnownFileType = sourcecode.swift; path = MenuCreator.swift; sourceTree = "<group>"; };
		84BDF8B22347D43F00D35F93 /* .swiftlint.yml */ = {isa = PBXFileReference; lastKnownFileType = text.yaml; path = .swiftlint.yml; sourceTree = "<group>"; };
		84BDF8B32347D43F00D35F93 /* .gitignore */ = {isa = PBXFileReference; lastKnownFileType = text; path = .gitignore; sourceTree = "<group>"; };
		84F64BA0239D8FEF000290D1 /* ActionSheet+Header.swift */ = {isa = PBXFileReference; lastKnownFileType = sourcecode.swift; path = "ActionSheet+Header.swift"; sourceTree = "<group>"; };
		84F64BA2239D9630000290D1 /* ActionSheet+Configuration.swift */ = {isa = PBXFileReference; lastKnownFileType = sourcecode.swift; path = "ActionSheet+Configuration.swift"; sourceTree = "<group>"; };
		84F64BA6239D9CB5000290D1 /* ActionSheet+Deprecations.swift */ = {isa = PBXFileReference; lastKnownFileType = sourcecode.swift; path = "ActionSheet+Deprecations.swift"; sourceTree = "<group>"; };
		A963E2AF24A9D22900665C6B /* Package.resolved */ = {isa = PBXFileReference; fileEncoding = 4; lastKnownFileType = text; path = Package.resolved; sourceTree = "<group>"; };
		OBJ_10 /* ActionSheet+Presenter.swift */ = {isa = PBXFileReference; lastKnownFileType = sourcecode.swift; path = "ActionSheet+Presenter.swift"; sourceTree = "<group>"; };
		OBJ_100 /* SingleSelectItem.swift */ = {isa = PBXFileReference; lastKnownFileType = sourcecode.swift; path = SingleSelectItem.swift; sourceTree = "<group>"; };
		OBJ_101 /* Menu.swift */ = {isa = PBXFileReference; lastKnownFileType = sourcecode.swift; path = Menu.swift; sourceTree = "<group>"; };
		OBJ_103 /* MenuItem.swift */ = {isa = PBXFileReference; lastKnownFileType = sourcecode.swift; path = MenuItem.swift; sourceTree = "<group>"; };
		OBJ_105 /* MenuTitle.swift */ = {isa = PBXFileReference; lastKnownFileType = sourcecode.swift; path = MenuTitle.swift; sourceTree = "<group>"; };
		OBJ_106 /* SectionMagin.swift */ = {isa = PBXFileReference; lastKnownFileType = sourcecode.swift; path = SectionMagin.swift; sourceTree = "<group>"; };
		OBJ_107 /* SectionTitle.swift */ = {isa = PBXFileReference; lastKnownFileType = sourcecode.swift; path = SectionTitle.swift; sourceTree = "<group>"; };
		OBJ_11 /* ActionSheet+Scroll.swift */ = {isa = PBXFileReference; lastKnownFileType = sourcecode.swift; path = "ActionSheet+Scroll.swift"; sourceTree = "<group>"; };
		OBJ_12 /* ActionSheet.swift */ = {isa = PBXFileReference; lastKnownFileType = sourcecode.swift; path = ActionSheet.swift; sourceTree = "<group>"; };
		OBJ_13 /* ActionSheetItemHandler.swift */ = {isa = PBXFileReference; lastKnownFileType = sourcecode.swift; path = ActionSheetItemHandler.swift; sourceTree = "<group>"; };
		OBJ_14 /* ActionSheetMargin.swift */ = {isa = PBXFileReference; lastKnownFileType = sourcecode.swift; path = ActionSheetMargin.swift; sourceTree = "<group>"; };
		OBJ_16 /* ActionSheet+Appearance.swift */ = {isa = PBXFileReference; indentWidth = 4; lastKnownFileType = sourcecode.swift; path = "ActionSheet+Appearance.swift"; sourceTree = "<group>"; tabWidth = 4; };
		OBJ_17 /* ActionSheetAppearance.swift */ = {isa = PBXFileReference; lastKnownFileType = sourcecode.swift; path = ActionSheetAppearance.swift; sourceTree = "<group>"; };
		OBJ_18 /* ActionSheetColor.swift */ = {isa = PBXFileReference; lastKnownFileType = sourcecode.swift; path = ActionSheetColor.swift; sourceTree = "<group>"; };
		OBJ_19 /* UIColor+ActionSheetColor.swift */ = {isa = PBXFileReference; lastKnownFileType = sourcecode.swift; path = "UIColor+ActionSheetColor.swift"; sourceTree = "<group>"; };
		OBJ_21 /* UIEdgeInsets+Hidden.swift */ = {isa = PBXFileReference; lastKnownFileType = sourcecode.swift; path = "UIEdgeInsets+Hidden.swift"; sourceTree = "<group>"; };
		OBJ_22 /* UIView+Subviews.swift */ = {isa = PBXFileReference; lastKnownFileType = sourcecode.swift; path = "UIView+Subviews.swift"; sourceTree = "<group>"; };
		OBJ_23 /* UIViewController+RootViewController.swift */ = {isa = PBXFileReference; lastKnownFileType = sourcecode.swift; path = "UIViewController+RootViewController.swift"; sourceTree = "<group>"; };
		OBJ_26 /* CancelButton+ActionSheet.swift */ = {isa = PBXFileReference; lastKnownFileType = sourcecode.swift; path = "CancelButton+ActionSheet.swift"; sourceTree = "<group>"; };
		OBJ_27 /* DestructiveButton+ActionSheet.swift */ = {isa = PBXFileReference; lastKnownFileType = sourcecode.swift; path = "DestructiveButton+ActionSheet.swift"; sourceTree = "<group>"; };
		OBJ_28 /* MenuButton+ActionSheet.swift */ = {isa = PBXFileReference; lastKnownFileType = sourcecode.swift; path = "MenuButton+ActionSheet.swift"; sourceTree = "<group>"; };
		OBJ_29 /* OkButton+ActionSheet.swift */ = {isa = PBXFileReference; lastKnownFileType = sourcecode.swift; path = "OkButton+ActionSheet.swift"; sourceTree = "<group>"; };
		OBJ_304 /* Resources */ = {isa = PBXFileReference; lastKnownFileType = folder; path = Resources; sourceTree = SOURCE_ROOT; };
		OBJ_306 /* Fastlane */ = {isa = PBXFileReference; lastKnownFileType = folder; path = Fastlane; sourceTree = SOURCE_ROOT; };
		OBJ_307 /* Readmes */ = {isa = PBXFileReference; lastKnownFileType = folder; path = Readmes; sourceTree = SOURCE_ROOT; };
		OBJ_308 /* LICENSE */ = {isa = PBXFileReference; lastKnownFileType = text; path = LICENSE; sourceTree = "<group>"; };
		OBJ_309 /* Sheeeeeeeeet.podspec */ = {isa = PBXFileReference; lastKnownFileType = text; path = Sheeeeeeeeet.podspec; sourceTree = "<group>"; };
		OBJ_31 /* CollectionItem+ActionSheet.swift */ = {isa = PBXFileReference; lastKnownFileType = sourcecode.swift; path = "CollectionItem+ActionSheet.swift"; sourceTree = "<group>"; };
		OBJ_310 /* README.md */ = {isa = PBXFileReference; lastKnownFileType = net.daringfireball.markdown; path = README.md; sourceTree = "<group>"; };
		OBJ_311 /* RELEASE_NOTES.md */ = {isa = PBXFileReference; lastKnownFileType = net.daringfireball.markdown; path = RELEASE_NOTES.md; sourceTree = "<group>"; };
		OBJ_32 /* CustomItem+ActionSheet.swift */ = {isa = PBXFileReference; lastKnownFileType = sourcecode.swift; path = "CustomItem+ActionSheet.swift"; sourceTree = "<group>"; };
		OBJ_33 /* LinkItem+ActionSheet.swift */ = {isa = PBXFileReference; lastKnownFileType = sourcecode.swift; path = "LinkItem+ActionSheet.swift"; sourceTree = "<group>"; };
		OBJ_34 /* MultiSelectItem+ActionSheet.swift */ = {isa = PBXFileReference; lastKnownFileType = sourcecode.swift; path = "MultiSelectItem+ActionSheet.swift"; sourceTree = "<group>"; };
		OBJ_35 /* MultiSelectToggleItem+ActionSheet.swift */ = {isa = PBXFileReference; lastKnownFileType = sourcecode.swift; path = "MultiSelectToggleItem+ActionSheet.swift"; sourceTree = "<group>"; };
		OBJ_36 /* SelectItem+ActionSheet.swift */ = {isa = PBXFileReference; lastKnownFileType = sourcecode.swift; path = "SelectItem+ActionSheet.swift"; sourceTree = "<group>"; };
		OBJ_37 /* SingleSelectItem+ActionSheet.swift */ = {isa = PBXFileReference; lastKnownFileType = sourcecode.swift; path = "SingleSelectItem+ActionSheet.swift"; sourceTree = "<group>"; };
		OBJ_38 /* Menu+ActionSheet.swift */ = {isa = PBXFileReference; lastKnownFileType = sourcecode.swift; path = "Menu+ActionSheet.swift"; sourceTree = "<group>"; };
		OBJ_39 /* MenuItem+ActionSheet.swift */ = {isa = PBXFileReference; lastKnownFileType = sourcecode.swift; path = "MenuItem+ActionSheet.swift"; sourceTree = "<group>"; };
		OBJ_41 /* MenuTitle+ActionSheet.swift */ = {isa = PBXFileReference; lastKnownFileType = sourcecode.swift; path = "MenuTitle+ActionSheet.swift"; sourceTree = "<group>"; };
		OBJ_42 /* SectionMargin+ActionSheet.swift */ = {isa = PBXFileReference; lastKnownFileType = sourcecode.swift; path = "SectionMargin+ActionSheet.swift"; sourceTree = "<group>"; };
		OBJ_43 /* SectionTitle+ActionSheet.swift */ = {isa = PBXFileReference; lastKnownFileType = sourcecode.swift; path = "SectionTitle+ActionSheet.swift"; sourceTree = "<group>"; };
		OBJ_45 /* ActionSheetPopoverPresenter.swift */ = {isa = PBXFileReference; lastKnownFileType = sourcecode.swift; path = ActionSheetPopoverPresenter.swift; sourceTree = "<group>"; };
		OBJ_46 /* ActionSheetPresenter.swift */ = {isa = PBXFileReference; lastKnownFileType = sourcecode.swift; path = ActionSheetPresenter.swift; sourceTree = "<group>"; };
		OBJ_47 /* ActionSheetStandardPresenter.swift */ = {isa = PBXFileReference; lastKnownFileType = sourcecode.swift; path = ActionSheetStandardPresenter.swift; sourceTree = "<group>"; };
		OBJ_49 /* ActionSheetBackgroundView.swift */ = {isa = PBXFileReference; lastKnownFileType = sourcecode.swift; path = ActionSheetBackgroundView.swift; sourceTree = "<group>"; };
		OBJ_50 /* ActionSheetButtonTableView.swift */ = {isa = PBXFileReference; lastKnownFileType = sourcecode.swift; path = ActionSheetButtonTableView.swift; sourceTree = "<group>"; };
		OBJ_51 /* ActionSheetHeaderContainerView.swift */ = {isa = PBXFileReference; lastKnownFileType = sourcecode.swift; path = ActionSheetHeaderContainerView.swift; sourceTree = "<group>"; };
		OBJ_52 /* ActionSheetItemTableView.swift */ = {isa = PBXFileReference; lastKnownFileType = sourcecode.swift; path = ActionSheetItemTableView.swift; sourceTree = "<group>"; };
		OBJ_53 /* ActionSheetStackView.swift */ = {isa = PBXFileReference; lastKnownFileType = sourcecode.swift; path = ActionSheetStackView.swift; sourceTree = "<group>"; };
		OBJ_54 /* ActionSheetTableView.swift */ = {isa = PBXFileReference; lastKnownFileType = sourcecode.swift; path = ActionSheetTableView.swift; sourceTree = "<group>"; };
		OBJ_57 /* ActionSheetItemCell.swift */ = {isa = PBXFileReference; lastKnownFileType = sourcecode.swift; path = ActionSheetItemCell.swift; sourceTree = "<group>"; };
		OBJ_6 /* Package.swift */ = {isa = PBXFileReference; explicitFileType = sourcecode.swift; path = Package.swift; sourceTree = "<group>"; };
		OBJ_63 /* ActionSheetCollectionItemCell.swift */ = {isa = PBXFileReference; lastKnownFileType = sourcecode.swift; path = ActionSheetCollectionItemCell.swift; sourceTree = "<group>"; };
		OBJ_64 /* ActionSheetCollectionItemCellHandler.swift */ = {isa = PBXFileReference; lastKnownFileType = sourcecode.swift; path = ActionSheetCollectionItemCellHandler.swift; sourceTree = "<group>"; };
		OBJ_65 /* ActionSheetLinkItemCell.swift */ = {isa = PBXFileReference; lastKnownFileType = sourcecode.swift; path = ActionSheetLinkItemCell.swift; sourceTree = "<group>"; };
		OBJ_67 /* ActionSheetMultiSelectToggleItemCell.swift */ = {isa = PBXFileReference; lastKnownFileType = sourcecode.swift; path = ActionSheetMultiSelectToggleItemCell.swift; sourceTree = "<group>"; };
		OBJ_68 /* ActionSheetSelectItemCell.swift */ = {isa = PBXFileReference; lastKnownFileType = sourcecode.swift; path = ActionSheetSelectItemCell.swift; sourceTree = "<group>"; };
		OBJ_75 /* AlertControllerConversionError.swift */ = {isa = PBXFileReference; lastKnownFileType = sourcecode.swift; path = AlertControllerConversionError.swift; sourceTree = "<group>"; };
		OBJ_76 /* Menu+AlertController.swift */ = {isa = PBXFileReference; lastKnownFileType = sourcecode.swift; path = "Menu+AlertController.swift"; sourceTree = "<group>"; };
		OBJ_77 /* MenuItem+AlertController.swift */ = {isa = PBXFileReference; lastKnownFileType = sourcecode.swift; path = "MenuItem+AlertController.swift"; sourceTree = "<group>"; };
		OBJ_78 /* UIViewController+AlertController.swift */ = {isa = PBXFileReference; lastKnownFileType = sourcecode.swift; path = "UIViewController+AlertController.swift"; sourceTree = "<group>"; };
		OBJ_80 /* ContextMenuConversionError.swift */ = {isa = PBXFileReference; lastKnownFileType = sourcecode.swift; path = ContextMenuConversionError.swift; sourceTree = "<group>"; };
		OBJ_81 /* ContextMenuDelegate.swift */ = {isa = PBXFileReference; lastKnownFileType = sourcecode.swift; path = ContextMenuDelegate.swift; sourceTree = "<group>"; };
		OBJ_82 /* ContextMenuDelegateRetainer.swift */ = {isa = PBXFileReference; lastKnownFileType = sourcecode.swift; path = ContextMenuDelegateRetainer.swift; sourceTree = "<group>"; };
		OBJ_83 /* MenuCreator+ContextMenu.swift */ = {isa = PBXFileReference; lastKnownFileType = sourcecode.swift; path = "MenuCreator+ContextMenu.swift"; sourceTree = "<group>"; };
		OBJ_84 /* MenuItem+ContextMenu.swift */ = {isa = PBXFileReference; lastKnownFileType = sourcecode.swift; path = "MenuItem+ContextMenu.swift"; sourceTree = "<group>"; };
		OBJ_86 /* NSObject+ClassName.swift */ = {isa = PBXFileReference; lastKnownFileType = sourcecode.swift; path = "NSObject+ClassName.swift"; sourceTree = "<group>"; };
		OBJ_89 /* CancelButton.swift */ = {isa = PBXFileReference; lastKnownFileType = sourcecode.swift; path = CancelButton.swift; sourceTree = "<group>"; };
		OBJ_90 /* DestructiveButton.swift */ = {isa = PBXFileReference; lastKnownFileType = sourcecode.swift; path = DestructiveButton.swift; sourceTree = "<group>"; };
		OBJ_91 /* MenuButton.swift */ = {isa = PBXFileReference; lastKnownFileType = sourcecode.swift; path = MenuButton.swift; sourceTree = "<group>"; };
		OBJ_92 /* OkButton.swift */ = {isa = PBXFileReference; lastKnownFileType = sourcecode.swift; path = OkButton.swift; sourceTree = "<group>"; };
		OBJ_94 /* CollectionItem.swift */ = {isa = PBXFileReference; lastKnownFileType = sourcecode.swift; path = CollectionItem.swift; sourceTree = "<group>"; };
		OBJ_95 /* CustomItem.swift */ = {isa = PBXFileReference; lastKnownFileType = sourcecode.swift; path = CustomItem.swift; sourceTree = "<group>"; };
		OBJ_96 /* LinkItem.swift */ = {isa = PBXFileReference; lastKnownFileType = sourcecode.swift; path = LinkItem.swift; sourceTree = "<group>"; };
		OBJ_97 /* MultiSelectItem.swift */ = {isa = PBXFileReference; lastKnownFileType = sourcecode.swift; path = MultiSelectItem.swift; sourceTree = "<group>"; };
		OBJ_98 /* MultiSelectToggleItem.swift */ = {isa = PBXFileReference; lastKnownFileType = sourcecode.swift; path = MultiSelectToggleItem.swift; sourceTree = "<group>"; };
		OBJ_99 /* SelectItem.swift */ = {isa = PBXFileReference; lastKnownFileType = sourcecode.swift; path = SelectItem.swift; sourceTree = "<group>"; };
		"Sheeeeeeeeet::Sheeeeeeeeet::Product" /* Sheeeeeeeeet.framework */ = {isa = PBXFileReference; explicitFileType = wrapper.framework; name = Sheeeeeeeeet.framework; path = "/Users/japanese_goblinn/Work/Sheeeeeeeeet/build/Debug-iphoneos/Sheeeeeeeeet.framework"; sourceTree = "<absolute>"; };
/* End PBXFileReference section */

/* Begin PBXFrameworksBuildPhase section */
		OBJ_521 /* Frameworks */ = {
			isa = PBXFrameworksBuildPhase;
			buildActionMask = 0;
			files = (
			);
			runOnlyForDeploymentPostprocessing = 0;
		};
/* End PBXFrameworksBuildPhase section */

/* Begin PBXGroup section */
		8422CB77239DCC6900251D31 /* Deprecations */ = {
			isa = PBXGroup;
			children = (
				84F64BA6239D9CB5000290D1 /* ActionSheet+Deprecations.swift */,
				8422CB74239DCBEB00251D31 /* Menu+Deprecations.swift */,
			);
			path = Deprecations;
			sourceTree = "<group>";
		};
		84670418234A3E9C00355331 /* Frameworks */ = {
			isa = PBXGroup;
			children = (
			);
			name = Frameworks;
			sourceTree = "<group>";
		};
		84BDF8B12347D42700D35F93 /* Project Files */ = {
			isa = PBXGroup;
			children = (
				A963E2AF24A9D22900665C6B /* Package.resolved */,
				84BDF8B32347D43F00D35F93 /* .gitignore */,
				84BDF8B22347D43F00D35F93 /* .swiftlint.yml */,
				OBJ_308 /* LICENSE */,
				OBJ_309 /* Sheeeeeeeeet.podspec */,
				OBJ_310 /* README.md */,
				OBJ_311 /* RELEASE_NOTES.md */,
			);
			name = "Project Files";
			sourceTree = "<group>";
		};
		OBJ_104 /* Titles */ = {
			isa = PBXGroup;
			children = (
				OBJ_105 /* MenuTitle.swift */,
				OBJ_106 /* SectionMagin.swift */,
				OBJ_107 /* SectionTitle.swift */,
			);
			path = Titles;
			sourceTree = "<group>";
		};
		OBJ_15 /* Appearance */ = {
			isa = PBXGroup;
			children = (
				OBJ_16 /* ActionSheet+Appearance.swift */,
				OBJ_17 /* ActionSheetAppearance.swift */,
				OBJ_18 /* ActionSheetColor.swift */,
				OBJ_19 /* UIColor+ActionSheetColor.swift */,
			);
			path = Appearance;
			sourceTree = "<group>";
		};
		OBJ_20 /* Extensions */ = {
			isa = PBXGroup;
			children = (
				OBJ_21 /* UIEdgeInsets+Hidden.swift */,
				OBJ_22 /* UIView+Subviews.swift */,
				OBJ_23 /* UIViewController+RootViewController.swift */,
			);
			path = Extensions;
			sourceTree = "<group>";
		};
		OBJ_24 /* Menu */ = {
			isa = PBXGroup;
			children = (
				OBJ_25 /* Buttons */,
				OBJ_30 /* Items */,
				OBJ_40 /* Titles */,
				OBJ_38 /* Menu+ActionSheet.swift */,
				OBJ_39 /* MenuItem+ActionSheet.swift */,
			);
			path = Menu;
			sourceTree = "<group>";
		};
		OBJ_25 /* Buttons */ = {
			isa = PBXGroup;
			children = (
				OBJ_26 /* CancelButton+ActionSheet.swift */,
				OBJ_27 /* DestructiveButton+ActionSheet.swift */,
				OBJ_28 /* MenuButton+ActionSheet.swift */,
				OBJ_29 /* OkButton+ActionSheet.swift */,
			);
			path = Buttons;
			sourceTree = "<group>";
		};
		OBJ_30 /* Items */ = {
			isa = PBXGroup;
			children = (
				OBJ_31 /* CollectionItem+ActionSheet.swift */,
				OBJ_32 /* CustomItem+ActionSheet.swift */,
				8422CB7B239E209C00251D31 /* DestructiveItem+ActionSheet.swift */,
				OBJ_33 /* LinkItem+ActionSheet.swift */,
				OBJ_34 /* MultiSelectItem+ActionSheet.swift */,
				OBJ_35 /* MultiSelectToggleItem+ActionSheet.swift */,
				84A24ECF236C6C5B00DB060C /* SecondaryActionItem+ActionSheet.swift */,
				OBJ_36 /* SelectItem+ActionSheet.swift */,
				OBJ_37 /* SingleSelectItem+ActionSheet.swift */,
			);
			path = Items;
			sourceTree = "<group>";
		};
		OBJ_40 /* Titles */ = {
			isa = PBXGroup;
			children = (
				OBJ_41 /* MenuTitle+ActionSheet.swift */,
				OBJ_42 /* SectionMargin+ActionSheet.swift */,
				OBJ_43 /* SectionTitle+ActionSheet.swift */,
			);
			path = Titles;
			sourceTree = "<group>";
		};
		OBJ_44 /* Presenters */ = {
			isa = PBXGroup;
			children = (
				OBJ_45 /* ActionSheetPopoverPresenter.swift */,
				8422CB5F239DAF5600251D31 /* ActionSheetPopoverPresenter+PresentationDelegate.swift */,
				OBJ_46 /* ActionSheetPresenter.swift */,
				847E09EC239DA5E70058179D /* ActionSheetPresenterBase.swift */,
				OBJ_47 /* ActionSheetStandardPresenter.swift */,
			);
			path = Presenters;
			sourceTree = "<group>";
		};
		OBJ_48 /* Views */ = {
			isa = PBXGroup;
			children = (
				OBJ_49 /* ActionSheetBackgroundView.swift */,
				OBJ_50 /* ActionSheetButtonTableView.swift */,
				OBJ_51 /* ActionSheetHeaderContainerView.swift */,
				OBJ_52 /* ActionSheetItemTableView.swift */,
				OBJ_53 /* ActionSheetStackView.swift */,
				OBJ_54 /* ActionSheetTableView.swift */,
			);
			path = Views;
			sourceTree = "<group>";
		};
		OBJ_5 = {
			isa = PBXGroup;
			children = (
				OBJ_6 /* Package.swift */,
				OBJ_7 /* Sources */,
				OBJ_304 /* Resources */,
				OBJ_306 /* Fastlane */,
				OBJ_307 /* Readmes */,
				84BDF8B12347D42700D35F93 /* Project Files */,
				84670418234A3E9C00355331 /* Frameworks */,
			);
			sourceTree = "<group>";
		};
		OBJ_55 /* Cells */ = {
			isa = PBXGroup;
			children = (
				OBJ_63 /* ActionSheetCollectionItemCell.swift */,
				OBJ_64 /* ActionSheetCollectionItemCellHandler.swift */,
				OBJ_57 /* ActionSheetItemCell.swift */,
				8405566E23527E1E0064EC7D /* ActionSheetItemCells.swift */,
				OBJ_65 /* ActionSheetLinkItemCell.swift */,
				OBJ_67 /* ActionSheetMultiSelectToggleItemCell.swift */,
				84A24ED1236C6CA200DB060C /* ActionSheetSecondaryActionItemCell.swift */,
				OBJ_68 /* ActionSheetSelectItemCell.swift */,
			);
			path = Cells;
			sourceTree = "<group>";
		};
		OBJ_7 /* Sources */ = {
			isa = PBXGroup;
			children = (
				OBJ_8 /* Sheeeeeeeeet */,
			);
			name = Sources;
			sourceTree = SOURCE_ROOT;
		};
		OBJ_74 /* AlertController */ = {
			isa = PBXGroup;
			children = (
				OBJ_75 /* AlertControllerConversionError.swift */,
				OBJ_76 /* Menu+AlertController.swift */,
				OBJ_77 /* MenuItem+AlertController.swift */,
				OBJ_78 /* UIViewController+AlertController.swift */,
			);
			path = AlertController;
			sourceTree = "<group>";
		};
		OBJ_79 /* ContextMenu */ = {
			isa = PBXGroup;
			children = (
				8422CB6D239DC6DA00251D31 /* ContextMenu.swift */,
				8422CB6B239DC6B100251D31 /* ContextMenu+Configuration.swift */,
				OBJ_80 /* ContextMenuConversionError.swift */,
				OBJ_81 /* ContextMenuDelegate.swift */,
				OBJ_82 /* ContextMenuDelegateRetainer.swift */,
				OBJ_83 /* MenuCreator+ContextMenu.swift */,
				OBJ_84 /* MenuItem+ContextMenu.swift */,
			);
			path = ContextMenu;
			sourceTree = "<group>";
		};
		OBJ_8 /* Sheeeeeeeeet */ = {
			isa = PBXGroup;
			children = (
				OBJ_9 /* ActionSheet */,
				OBJ_74 /* AlertController */,
				OBJ_79 /* ContextMenu */,
				8422CB77239DCC6900251D31 /* Deprecations */,
				OBJ_85 /* Extensions */,
				OBJ_87 /* Menu */,
			);
			name = Sheeeeeeeeet;
			path = Sources/Sheeeeeeeeet;
			sourceTree = SOURCE_ROOT;
		};
		OBJ_85 /* Extensions */ = {
			isa = PBXGroup;
			children = (
				OBJ_86 /* NSObject+ClassName.swift */,
			);
			path = Extensions;
			sourceTree = "<group>";
		};
		OBJ_87 /* Menu */ = {
			isa = PBXGroup;
			children = (
				OBJ_88 /* Buttons */,
				OBJ_93 /* Items */,
				OBJ_104 /* Titles */,
				OBJ_101 /* Menu.swift */,
				84A24EDC236C84D900DB060C /* MenuCreator.swift */,
				OBJ_103 /* MenuItem.swift */,
			);
			path = Menu;
			sourceTree = "<group>";
		};
		OBJ_88 /* Buttons */ = {
			isa = PBXGroup;
			children = (
				OBJ_89 /* CancelButton.swift */,
				OBJ_90 /* DestructiveButton.swift */,
				OBJ_91 /* MenuButton.swift */,
				OBJ_92 /* OkButton.swift */,
			);
			path = Buttons;
			sourceTree = "<group>";
		};
		OBJ_9 /* ActionSheet */ = {
			isa = PBXGroup;
			children = (
				OBJ_15 /* Appearance */,
				OBJ_55 /* Cells */,
				OBJ_20 /* Extensions */,
				OBJ_24 /* Menu */,
				OBJ_44 /* Presenters */,
				OBJ_48 /* Views */,
				OBJ_12 /* ActionSheet.swift */,
				84F64BA2239D9630000290D1 /* ActionSheet+Configuration.swift */,
				OBJ_10 /* ActionSheet+Presenter.swift */,
				OBJ_11 /* ActionSheet+Scroll.swift */,
				84F64BA0239D8FEF000290D1 /* ActionSheet+Header.swift */,
				OBJ_13 /* ActionSheetItemHandler.swift */,
				OBJ_14 /* ActionSheetMargin.swift */,
			);
			path = ActionSheet;
			sourceTree = "<group>";
		};
		OBJ_93 /* Items */ = {
			isa = PBXGroup;
			children = (
				OBJ_94 /* CollectionItem.swift */,
				OBJ_95 /* CustomItem.swift */,
				8422CB78239E1E6800251D31 /* DestructiveItem.swift */,
				OBJ_96 /* LinkItem.swift */,
				OBJ_97 /* MultiSelectItem.swift */,
				OBJ_98 /* MultiSelectToggleItem.swift */,
				84A24ECA236C64F200DB060C /* SecondaryActionItem.swift */,
				OBJ_99 /* SelectItem.swift */,
				OBJ_100 /* SingleSelectItem.swift */,
			);
			path = Items;
			sourceTree = "<group>";
		};
/* End PBXGroup section */

/* Begin PBXNativeTarget section */
		"Sheeeeeeeeet::Sheeeeeeeeet" /* Sheeeeeeeeet */ = {
			isa = PBXNativeTarget;
			buildConfigurationList = OBJ_438 /* Build configuration list for PBXNativeTarget "Sheeeeeeeeet" */;
			buildPhases = (
				OBJ_441 /* Sources */,
				OBJ_521 /* Frameworks */,
			);
			buildRules = (
			);
			dependencies = (
			);
			name = Sheeeeeeeeet;
			productName = Sheeeeeeeeet;
			productReference = "Sheeeeeeeeet::Sheeeeeeeeet::Product" /* Sheeeeeeeeet.framework */;
			productType = "com.apple.product-type.framework";
		};
		"Sheeeeeeeeet::SwiftPMPackageDescription" /* SheeeeeeeeetPackageDescription */ = {
			isa = PBXNativeTarget;
			buildConfigurationList = OBJ_523 /* Build configuration list for PBXNativeTarget "SheeeeeeeeetPackageDescription" */;
			buildPhases = (
				OBJ_526 /* Sources */,
			);
			buildRules = (
			);
			dependencies = (
			);
			name = SheeeeeeeeetPackageDescription;
			productName = SheeeeeeeeetPackageDescription;
			productType = "com.apple.product-type.framework";
		};
/* End PBXNativeTarget section */

/* Begin PBXProject section */
		OBJ_1 /* Project object */ = {
			isa = PBXProject;
			attributes = {
				LastSwiftMigration = 9999;
				LastSwiftUpdateCheck = 1100;
				LastUpgradeCheck = 9999;
				ORGANIZATIONNAME = "Daniel Saidi";
			};
			buildConfigurationList = OBJ_2 /* Build configuration list for PBXProject "Sheeeeeeeeet" */;
			compatibilityVersion = "Xcode 3.2";
			developmentRegion = en;
			hasScannedForEncodings = 0;
			knownRegions = (
				en,
				Base,
			);
			mainGroup = OBJ_5;
			packageReferences = (
				84D3AF2C2434B1420007BE9B /* XCRemoteSwiftPackageReference "Quick" */,
				84D3AF2F2434B1510007BE9B /* XCRemoteSwiftPackageReference "Nimble" */,
				A9FA9D3826A17AC30047114E /* XCRemoteSwiftPackageReference "MockingKit" */,
			);
			productRefGroup = OBJ_5;
			projectDirPath = "";
			projectRoot = "";
			targets = (
				"Sheeeeeeeeet::Sheeeeeeeeet" /* Sheeeeeeeeet */,
				"Sheeeeeeeeet::SwiftPMPackageDescription" /* SheeeeeeeeetPackageDescription */,
				"Sheeeeeeeeet::SheeeeeeeeetPackageTests::ProductTarget" /* SheeeeeeeeetPackageTests */,
			);
		};
/* End PBXProject section */

/* Begin PBXSourcesBuildPhase section */
		OBJ_441 /* Sources */ = {
			isa = PBXSourcesBuildPhase;
			buildActionMask = 0;
			files = (
				OBJ_442 /* ActionSheet+Presenter.swift in Sources */,
				OBJ_443 /* ActionSheet+Scroll.swift in Sources */,
				OBJ_444 /* ActionSheet.swift in Sources */,
				OBJ_445 /* ActionSheetItemHandler.swift in Sources */,
				OBJ_446 /* ActionSheetMargin.swift in Sources */,
				OBJ_447 /* ActionSheet+Appearance.swift in Sources */,
				OBJ_448 /* ActionSheetAppearance.swift in Sources */,
				OBJ_449 /* ActionSheetColor.swift in Sources */,
				OBJ_450 /* UIColor+ActionSheetColor.swift in Sources */,
				OBJ_451 /* UIEdgeInsets+Hidden.swift in Sources */,
				OBJ_452 /* UIView+Subviews.swift in Sources */,
				OBJ_453 /* UIViewController+RootViewController.swift in Sources */,
				OBJ_454 /* CancelButton+ActionSheet.swift in Sources */,
				OBJ_455 /* DestructiveButton+ActionSheet.swift in Sources */,
				OBJ_456 /* MenuButton+ActionSheet.swift in Sources */,
				OBJ_457 /* OkButton+ActionSheet.swift in Sources */,
				84F64BA3239D9630000290D1 /* ActionSheet+Configuration.swift in Sources */,
				OBJ_458 /* CollectionItem+ActionSheet.swift in Sources */,
				OBJ_459 /* CustomItem+ActionSheet.swift in Sources */,
				OBJ_460 /* LinkItem+ActionSheet.swift in Sources */,
				OBJ_461 /* MultiSelectItem+ActionSheet.swift in Sources */,
				OBJ_462 /* MultiSelectToggleItem+ActionSheet.swift in Sources */,
				OBJ_463 /* SelectItem+ActionSheet.swift in Sources */,
				OBJ_464 /* SingleSelectItem+ActionSheet.swift in Sources */,
				OBJ_465 /* Menu+ActionSheet.swift in Sources */,
				OBJ_466 /* MenuItem+ActionSheet.swift in Sources */,
				OBJ_467 /* MenuTitle+ActionSheet.swift in Sources */,
				8422CB72239DC85300251D31 /* ContextMenu.swift in Sources */,
				OBJ_468 /* SectionMargin+ActionSheet.swift in Sources */,
				84A24EDD236C84D900DB060C /* MenuCreator.swift in Sources */,
				OBJ_469 /* SectionTitle+ActionSheet.swift in Sources */,
				OBJ_470 /* ActionSheetPopoverPresenter.swift in Sources */,
				OBJ_471 /* ActionSheetPresenter.swift in Sources */,
				8405567023527E280064EC7D /* ActionSheetItemCells.swift in Sources */,
				OBJ_472 /* ActionSheetStandardPresenter.swift in Sources */,
				84A24ECB236C64F200DB060C /* SecondaryActionItem.swift in Sources */,
				8422CB7A239E1FB600251D31 /* DestructiveItem.swift in Sources */,
				84A24ED0236C6C5B00DB060C /* SecondaryActionItem+ActionSheet.swift in Sources */,
				OBJ_473 /* ActionSheetBackgroundView.swift in Sources */,
				OBJ_474 /* ActionSheetButtonTableView.swift in Sources */,
				OBJ_475 /* ActionSheetHeaderContainerView.swift in Sources */,
				84F64BA1239D8FEF000290D1 /* ActionSheet+Header.swift in Sources */,
				OBJ_476 /* ActionSheetItemTableView.swift in Sources */,
				8422CB7D239E20E100251D31 /* DestructiveItem+ActionSheet.swift in Sources */,
				OBJ_477 /* ActionSheetStackView.swift in Sources */,
				OBJ_478 /* ActionSheetTableView.swift in Sources */,
				OBJ_480 /* ActionSheetItemCell.swift in Sources */,
				OBJ_484 /* ActionSheetCollectionItemCell.swift in Sources */,
				OBJ_485 /* ActionSheetCollectionItemCellHandler.swift in Sources */,
				8422CB73239DC85900251D31 /* ContextMenu+Configuration.swift in Sources */,
				OBJ_486 /* ActionSheetLinkItemCell.swift in Sources */,
				OBJ_488 /* ActionSheetMultiSelectToggleItemCell.swift in Sources */,
				OBJ_489 /* ActionSheetSelectItemCell.swift in Sources */,
				OBJ_494 /* AlertControllerConversionError.swift in Sources */,
				OBJ_495 /* Menu+AlertController.swift in Sources */,
				8422CB60239DAF5600251D31 /* ActionSheetPopoverPresenter+PresentationDelegate.swift in Sources */,
				OBJ_496 /* MenuItem+AlertController.swift in Sources */,
				OBJ_497 /* UIViewController+AlertController.swift in Sources */,
				OBJ_498 /* ContextMenuConversionError.swift in Sources */,
				OBJ_499 /* ContextMenuDelegate.swift in Sources */,
				OBJ_500 /* ContextMenuDelegateRetainer.swift in Sources */,
				OBJ_501 /* MenuCreator+ContextMenu.swift in Sources */,
				OBJ_502 /* MenuItem+ContextMenu.swift in Sources */,
				OBJ_503 /* NSObject+ClassName.swift in Sources */,
				OBJ_504 /* CancelButton.swift in Sources */,
				OBJ_505 /* DestructiveButton.swift in Sources */,
				OBJ_506 /* MenuButton.swift in Sources */,
				OBJ_507 /* OkButton.swift in Sources */,
				OBJ_508 /* CollectionItem.swift in Sources */,
				8422CB76239DCBFD00251D31 /* Menu+Deprecations.swift in Sources */,
				OBJ_509 /* CustomItem.swift in Sources */,
				OBJ_510 /* LinkItem.swift in Sources */,
				OBJ_511 /* MultiSelectItem.swift in Sources */,
				OBJ_512 /* MultiSelectToggleItem.swift in Sources */,
				847E09ED239DA5E70058179D /* ActionSheetPresenterBase.swift in Sources */,
				OBJ_513 /* SelectItem.swift in Sources */,
				OBJ_514 /* SingleSelectItem.swift in Sources */,
				OBJ_515 /* Menu.swift in Sources */,
				84F64BA8239D9CD7000290D1 /* ActionSheet+Deprecations.swift in Sources */,
				OBJ_517 /* MenuItem.swift in Sources */,
				OBJ_518 /* MenuTitle.swift in Sources */,
				84A24ED2236C6CA200DB060C /* ActionSheetSecondaryActionItemCell.swift in Sources */,
				OBJ_519 /* SectionMagin.swift in Sources */,
				OBJ_520 /* SectionTitle.swift in Sources */,
			);
			runOnlyForDeploymentPostprocessing = 0;
		};
		OBJ_526 /* Sources */ = {
			isa = PBXSourcesBuildPhase;
			buildActionMask = 0;
			files = (
				OBJ_527 /* Package.swift in Sources */,
			);
			runOnlyForDeploymentPostprocessing = 0;
		};
/* End PBXSourcesBuildPhase section */

/* Begin XCBuildConfiguration section */
		OBJ_3 /* Debug */ = {
			isa = XCBuildConfiguration;
			buildSettings = {
				CLANG_ENABLE_OBJC_ARC = YES;
				COMBINE_HIDPI_IMAGES = YES;
				COPY_PHASE_STRIP = NO;
				DEBUG_INFORMATION_FORMAT = dwarf;
				DYLIB_INSTALL_NAME_BASE = "@rpath";
				ENABLE_NS_ASSERTIONS = YES;
				GCC_OPTIMIZATION_LEVEL = 0;
				GCC_PREPROCESSOR_DEFINITIONS = (
					"$(inherited)",
					"SWIFT_PACKAGE=1",
					"DEBUG=1",
				);
				IPHONEOS_DEPLOYMENT_TARGET = 9.0;
				ONLY_ACTIVE_ARCH = YES;
				OTHER_SWIFT_FLAGS = "$(inherited) -DXcode";
				PRODUCT_NAME = "$(TARGET_NAME)";
				SDKROOT = iphoneos;
				SUPPORTED_PLATFORMS = "iphoneos iphonesimulator";
				SWIFT_ACTIVE_COMPILATION_CONDITIONS = "$(inherited) SWIFT_PACKAGE DEBUG";
				SWIFT_OPTIMIZATION_LEVEL = "-Onone";
				SWIFT_STRICT_CONCURRENCY = minimal;
				USE_HEADERMAP = NO;
			};
			name = Debug;
		};
		OBJ_4 /* Release */ = {
			isa = XCBuildConfiguration;
			buildSettings = {
				CLANG_ENABLE_OBJC_ARC = YES;
				COMBINE_HIDPI_IMAGES = YES;
				COPY_PHASE_STRIP = YES;
				DEBUG_INFORMATION_FORMAT = "dwarf-with-dsym";
				DYLIB_INSTALL_NAME_BASE = "@rpath";
				GCC_OPTIMIZATION_LEVEL = s;
				GCC_PREPROCESSOR_DEFINITIONS = (
					"$(inherited)",
					"SWIFT_PACKAGE=1",
				);
				IPHONEOS_DEPLOYMENT_TARGET = 9.0;
				OTHER_SWIFT_FLAGS = "$(inherited) -DXcode";
				PRODUCT_NAME = "$(TARGET_NAME)";
				SDKROOT = iphoneos;
				SUPPORTED_PLATFORMS = "iphoneos iphonesimulator";
				SWIFT_ACTIVE_COMPILATION_CONDITIONS = "$(inherited) SWIFT_PACKAGE";
				SWIFT_COMPILATION_MODE = wholemodule;
				SWIFT_OPTIMIZATION_LEVEL = "-O";
				SWIFT_STRICT_CONCURRENCY = minimal;
				USE_HEADERMAP = NO;
			};
			name = Release;
		};
		OBJ_439 /* Debug */ = {
			isa = XCBuildConfiguration;
			buildSettings = {
				CURRENT_PROJECT_VERSION = 1;
				ENABLE_TESTABILITY = YES;
				FRAMEWORK_SEARCH_PATHS = (
					"$(inherited)",
					"$(PLATFORM_DIR)/Developer/Library/Frameworks",
				);
				HEADER_SEARCH_PATHS = "$(inherited)";
				INFOPLIST_FILE = Sheeeeeeeeet.xcodeproj/Sheeeeeeeeet_Info.plist;
				LD_RUNPATH_SEARCH_PATHS = (
					"$(inherited)",
					"$(TOOLCHAIN_DIR)/usr/lib/swift/macosx",
				);
				OTHER_CFLAGS = "$(inherited)";
				OTHER_LDFLAGS = "$(inherited)";
				OTHER_SWIFT_FLAGS = "$(inherited)";
				PRODUCT_BUNDLE_IDENTIFIER = Sheeeeeeeeet;
				PRODUCT_MODULE_NAME = "$(TARGET_NAME:c99extidentifier)";
				PRODUCT_NAME = "$(TARGET_NAME:c99extidentifier)";
				SKIP_INSTALL = YES;
				SWIFT_ACTIVE_COMPILATION_CONDITIONS = "$(inherited)";
				SWIFT_VERSION = 5.0;
				TARGET_NAME = Sheeeeeeeeet;
			};
			name = Debug;
		};
		OBJ_440 /* Release */ = {
			isa = XCBuildConfiguration;
			buildSettings = {
				CURRENT_PROJECT_VERSION = 1;
				ENABLE_TESTABILITY = YES;
				FRAMEWORK_SEARCH_PATHS = (
					"$(inherited)",
					"$(PLATFORM_DIR)/Developer/Library/Frameworks",
				);
				HEADER_SEARCH_PATHS = "$(inherited)";
				INFOPLIST_FILE = Sheeeeeeeeet.xcodeproj/Sheeeeeeeeet_Info.plist;
				LD_RUNPATH_SEARCH_PATHS = (
					"$(inherited)",
					"$(TOOLCHAIN_DIR)/usr/lib/swift/macosx",
				);
				OTHER_CFLAGS = "$(inherited)";
				OTHER_LDFLAGS = "$(inherited)";
				OTHER_SWIFT_FLAGS = "$(inherited)";
				PRODUCT_BUNDLE_IDENTIFIER = Sheeeeeeeeet;
				PRODUCT_MODULE_NAME = "$(TARGET_NAME:c99extidentifier)";
				PRODUCT_NAME = "$(TARGET_NAME:c99extidentifier)";
				SKIP_INSTALL = YES;
				SWIFT_ACTIVE_COMPILATION_CONDITIONS = "$(inherited)";
				SWIFT_VERSION = 5.0;
				TARGET_NAME = Sheeeeeeeeet;
			};
			name = Release;
		};
		OBJ_524 /* Debug */ = {
			isa = XCBuildConfiguration;
			buildSettings = {
				LD = /usr/bin/true;
				OTHER_SWIFT_FLAGS = "-swift-version 5 -I $(TOOLCHAIN_DIR)/usr/lib/swift/pm/4_2 -target x86_64-apple-macosx10.10 -sdk /Applications/Xcode.app/Contents/Developer/Platforms/MacOSX.platform/Developer/SDKs/MacOSX10.15.sdk -package-description-version 5.1";
				SWIFT_VERSION = 5.0;
			};
			name = Debug;
		};
		OBJ_525 /* Release */ = {
			isa = XCBuildConfiguration;
			buildSettings = {
				LD = /usr/bin/true;
				OTHER_SWIFT_FLAGS = "-swift-version 5 -I $(TOOLCHAIN_DIR)/usr/lib/swift/pm/4_2 -target x86_64-apple-macosx10.10 -sdk /Applications/Xcode.app/Contents/Developer/Platforms/MacOSX.platform/Developer/SDKs/MacOSX10.15.sdk -package-description-version 5.1";
				SWIFT_VERSION = 5.0;
			};
			name = Release;
		};
		OBJ_530 /* Debug */ = {
			isa = XCBuildConfiguration;
			buildSettings = {
			};
			name = Debug;
		};
		OBJ_531 /* Release */ = {
			isa = XCBuildConfiguration;
			buildSettings = {
			};
			name = Release;
		};
/* End XCBuildConfiguration section */

/* Begin XCConfigurationList section */
		OBJ_2 /* Build configuration list for PBXProject "Sheeeeeeeeet" */ = {
			isa = XCConfigurationList;
			buildConfigurations = (
				OBJ_3 /* Debug */,
				OBJ_4 /* Release */,
			);
			defaultConfigurationIsVisible = 0;
			defaultConfigurationName = Release;
		};
		OBJ_438 /* Build configuration list for PBXNativeTarget "Sheeeeeeeeet" */ = {
			isa = XCConfigurationList;
			buildConfigurations = (
				OBJ_439 /* Debug */,
				OBJ_440 /* Release */,
			);
			defaultConfigurationIsVisible = 0;
			defaultConfigurationName = Release;
		};
		OBJ_523 /* Build configuration list for PBXNativeTarget "SheeeeeeeeetPackageDescription" */ = {
			isa = XCConfigurationList;
			buildConfigurations = (
				OBJ_524 /* Debug */,
				OBJ_525 /* Release */,
			);
			defaultConfigurationIsVisible = 0;
			defaultConfigurationName = Release;
		};
		OBJ_529 /* Build configuration list for PBXAggregateTarget "SheeeeeeeeetPackageTests" */ = {
			isa = XCConfigurationList;
			buildConfigurations = (
				OBJ_530 /* Debug */,
				OBJ_531 /* Release */,
			);
			defaultConfigurationIsVisible = 0;
			defaultConfigurationName = Release;
		};
/* End XCConfigurationList section */

/* Begin XCRemoteSwiftPackageReference section */
		84D3AF2C2434B1420007BE9B /* XCRemoteSwiftPackageReference "Quick" */ = {
			isa = XCRemoteSwiftPackageReference;
			repositoryURL = "https://github.com/Quick/Quick.git";
			requirement = {
				kind = upToNextMajorVersion;
				minimumVersion = 3.0.0;
			};
		};
		84D3AF2F2434B1510007BE9B /* XCRemoteSwiftPackageReference "Nimble" */ = {
			isa = XCRemoteSwiftPackageReference;
			repositoryURL = "https://github.com/Quick/Nimble.git";
			requirement = {
				kind = upToNextMajorVersion;
				minimumVersion = 8.1.1;
			};
		};
		A9FA9D3826A17AC30047114E /* XCRemoteSwiftPackageReference "MockingKit" */ = {
			isa = XCRemoteSwiftPackageReference;
			repositoryURL = "https://github.com/danielsaidi/MockingKit.git";
			requirement = {
				kind = upToNextMajorVersion;
				minimumVersion = 0.9.4;
			};
		};
/* End XCRemoteSwiftPackageReference section */
	};
	rootObject = OBJ_1 /* Project object */;
}
